
Microsoft Visual Studio Solution File, Format Version 12.00
# Visual Studio Version 16
VisualStudioVersion = 25.0.1705.3
MinimumVisualStudioVersion = 10.0.40219.1
Project("{FAE04EC0-301F-11D3-BF4B-00C04F79EFBC}") = "TimeTracker.Web", "TimeTracker.Web\TimeTracker.Web.csproj", "{9212577C-5C81-4C03-9D1D-415EDA94B77A}"
EndProject
Project("{FAE04EC0-301F-11D3-BF4B-00C04F79EFBC}") = "TimeTracker.Shared", "TimeTracker.Shared\TimeTracker.Shared.csproj", "{464AA5D0-A998-46E0-A57D-B68B701A2025}"
EndProject
Project("{FAE04EC0-301F-11D3-BF4B-00C04F79EFBC}") = "TimeTracker.Tests", "TimeTracker.Tests\TimeTracker.Tests.csproj", "{A45898FA-6D5D-4E16-AC6D-25FF6AEAC879}"
EndProject
Project("{FAE04EC0-301F-11D3-BF4B-00C04F79EFBC}") = "TimeTracker.Playwright", "TimeTracker.Playwright\TimeTracker.Playwright.csproj", "{E5D2C758-5184-440D-9FA1-8A2ABCF8C61A}"
EndProject
Project("{FAE04EC0-301F-11D3-BF4B-00C04F79EFBC}") = "TimeTracker.Contracts", "TimeTracker.Contracts\TimeTracker.Contracts.csproj", "{25E3208E-0AD6-4AC5-BCBF-F63C69B26052}"
EndProject
Project("{FAE04EC0-301F-11D3-BF4B-00C04F79EFBC}") = "TimeTracker.Client", "TimeTracker.Client\TimeTracker.Client.csproj", "{2F6558FF-F7BD-4627-996A-4A5F78A42166}"
EndProject
Global
	GlobalSection(SolutionConfigurationPlatforms) = preSolution
		Debug|Any CPU = Debug|Any CPU
		Debug|x64 = Debug|x64
		Debug|x86 = Debug|x86
		Release|Any CPU = Release|Any CPU
		Release|x64 = Release|x64
		Release|x86 = Release|x86
	EndGlobalSection
	GlobalSection(ProjectConfigurationPlatforms) = postSolution
		{9212577C-5C81-4C03-9D1D-415EDA94B77A}.Debug|Any CPU.ActiveCfg = Debug|Any CPU
		{9212577C-5C81-4C03-9D1D-415EDA94B77A}.Debug|Any CPU.Build.0 = Debug|Any CPU
		{9212577C-5C81-4C03-9D1D-415EDA94B77A}.Debug|x64.ActiveCfg = Debug|Any CPU
		{9212577C-5C81-4C03-9D1D-415EDA94B77A}.Debug|x64.Build.0 = Debug|Any CPU
		{9212577C-5C81-4C03-9D1D-415EDA94B77A}.Debug|x86.ActiveCfg = Debug|Any CPU
		{9212577C-5C81-4C03-9D1D-415EDA94B77A}.Debug|x86.Build.0 = Debug|Any CPU
		{9212577C-5C81-4C03-9D1D-415EDA94B77A}.Release|Any CPU.ActiveCfg = Release|Any CPU
		{9212577C-5C81-4C03-9D1D-415EDA94B77A}.Release|Any CPU.Build.0 = Release|Any CPU
		{9212577C-5C81-4C03-9D1D-415EDA94B77A}.Release|x64.ActiveCfg = Release|Any CPU
		{9212577C-5C81-4C03-9D1D-415EDA94B77A}.Release|x64.Build.0 = Release|Any CPU
		{9212577C-5C81-4C03-9D1D-415EDA94B77A}.Release|x86.ActiveCfg = Release|Any CPU
		{9212577C-5C81-4C03-9D1D-415EDA94B77A}.Release|x86.Build.0 = Release|Any CPU
		{464AA5D0-A998-46E0-A57D-B68B701A2025}.Debug|Any CPU.ActiveCfg = Debug|Any CPU
		{464AA5D0-A998-46E0-A57D-B68B701A2025}.Debug|Any CPU.Build.0 = Debug|Any CPU
		{464AA5D0-A998-46E0-A57D-B68B701A2025}.Debug|x64.ActiveCfg = Debug|Any CPU
		{464AA5D0-A998-46E0-A57D-B68B701A2025}.Debug|x64.Build.0 = Debug|Any CPU
		{464AA5D0-A998-46E0-A57D-B68B701A2025}.Debug|x86.ActiveCfg = Debug|Any CPU
		{464AA5D0-A998-46E0-A57D-B68B701A2025}.Debug|x86.Build.0 = Debug|Any CPU
		{464AA5D0-A998-46E0-A57D-B68B701A2025}.Release|Any CPU.ActiveCfg = Release|Any CPU
		{464AA5D0-A998-46E0-A57D-B68B701A2025}.Release|Any CPU.Build.0 = Release|Any CPU
		{464AA5D0-A998-46E0-A57D-B68B701A2025}.Release|x64.ActiveCfg = Release|Any CPU
		{464AA5D0-A998-46E0-A57D-B68B701A2025}.Release|x64.Build.0 = Release|Any CPU
		{464AA5D0-A998-46E0-A57D-B68B701A2025}.Release|x86.ActiveCfg = Release|Any CPU
		{464AA5D0-A998-46E0-A57D-B68B701A2025}.Release|x86.Build.0 = Release|Any CPU
		{A45898FA-6D5D-4E16-AC6D-25FF6AEAC879}.Debug|Any CPU.ActiveCfg = Debug|Any CPU
		{A45898FA-6D5D-4E16-AC6D-25FF6AEAC879}.Debug|Any CPU.Build.0 = Debug|Any CPU
		{A45898FA-6D5D-4E16-AC6D-25FF6AEAC879}.Debug|x64.ActiveCfg = Debug|Any CPU
		{A45898FA-6D5D-4E16-AC6D-25FF6AEAC879}.Debug|x64.Build.0 = Debug|Any CPU
		{A45898FA-6D5D-4E16-AC6D-25FF6AEAC879}.Debug|x86.ActiveCfg = Debug|Any CPU
		{A45898FA-6D5D-4E16-AC6D-25FF6AEAC879}.Debug|x86.Build.0 = Debug|Any CPU
		{A45898FA-6D5D-4E16-AC6D-25FF6AEAC879}.Release|Any CPU.ActiveCfg = Release|Any CPU
		{A45898FA-6D5D-4E16-AC6D-25FF6AEAC879}.Release|Any CPU.Build.0 = Release|Any CPU
		{A45898FA-6D5D-4E16-AC6D-25FF6AEAC879}.Release|x64.ActiveCfg = Release|Any CPU
		{A45898FA-6D5D-4E16-AC6D-25FF6AEAC879}.Release|x64.Build.0 = Release|Any CPU
		{A45898FA-6D5D-4E16-AC6D-25FF6AEAC879}.Release|x86.ActiveCfg = Release|Any CPU
		{A45898FA-6D5D-4E16-AC6D-25FF6AEAC879}.Release|x86.Build.0 = Release|Any CPU
		{E5D2C758-5184-440D-9FA1-8A2ABCF8C61A}.Debug|Any CPU.ActiveCfg = Debug|Any CPU
		{E5D2C758-5184-440D-9FA1-8A2ABCF8C61A}.Debug|Any CPU.Build.0 = Debug|Any CPU
		{E5D2C758-5184-440D-9FA1-8A2ABCF8C61A}.Debug|x64.ActiveCfg = Debug|Any CPU
		{E5D2C758-5184-440D-9FA1-8A2ABCF8C61A}.Debug|x64.Build.0 = Debug|Any CPU
		{E5D2C758-5184-440D-9FA1-8A2ABCF8C61A}.Debug|x86.ActiveCfg = Debug|Any CPU
		{E5D2C758-5184-440D-9FA1-8A2ABCF8C61A}.Debug|x86.Build.0 = Debug|Any CPU
		{E5D2C758-5184-440D-9FA1-8A2ABCF8C61A}.Release|Any CPU.ActiveCfg = Release|Any CPU
		{E5D2C758-5184-440D-9FA1-8A2ABCF8C61A}.Release|Any CPU.Build.0 = Release|Any CPU
		{E5D2C758-5184-440D-9FA1-8A2ABCF8C61A}.Release|x64.ActiveCfg = Release|Any CPU
		{E5D2C758-5184-440D-9FA1-8A2ABCF8C61A}.Release|x64.Build.0 = Release|Any CPU
		{E5D2C758-5184-440D-9FA1-8A2ABCF8C61A}.Release|x86.ActiveCfg = Release|Any CPU
		{E5D2C758-5184-440D-9FA1-8A2ABCF8C61A}.Release|x86.Build.0 = Release|Any CPU
		{25E3208E-0AD6-4AC5-BCBF-F63C69B26052}.Debug|Any CPU.ActiveCfg = Debug|Any CPU
		{25E3208E-0AD6-4AC5-BCBF-F63C69B26052}.Debug|Any CPU.Build.0 = Debug|Any CPU
		{25E3208E-0AD6-4AC5-BCBF-F63C69B26052}.Debug|x64.ActiveCfg = Debug|Any CPU
		{25E3208E-0AD6-4AC5-BCBF-F63C69B26052}.Debug|x64.Build.0 = Debug|Any CPU
		{25E3208E-0AD6-4AC5-BCBF-F63C69B26052}.Debug|x86.ActiveCfg = Debug|Any CPU
		{25E3208E-0AD6-4AC5-BCBF-F63C69B26052}.Debug|x86.Build.0 = Debug|Any CPU
		{25E3208E-0AD6-4AC5-BCBF-F63C69B26052}.Release|Any CPU.ActiveCfg = Release|Any CPU
		{25E3208E-0AD6-4AC5-BCBF-F63C69B26052}.Release|Any CPU.Build.0 = Release|Any CPU
		{25E3208E-0AD6-4AC5-BCBF-F63C69B26052}.Release|x64.ActiveCfg = Release|Any CPU
		{25E3208E-0AD6-4AC5-BCBF-F63C69B26052}.Release|x64.Build.0 = Release|Any CPU
		{25E3208E-0AD6-4AC5-BCBF-F63C69B26052}.Release|x86.ActiveCfg = Release|Any CPU
		{25E3208E-0AD6-4AC5-BCBF-F63C69B26052}.Release|x86.Build.0 = Release|Any CPU
		{2F6558FF-F7BD-4627-996A-4A5F78A42166}.Debug|Any CPU.ActiveCfg = Debug|Any CPU
		{2F6558FF-F7BD-4627-996A-4A5F78A42166}.Debug|Any CPU.Build.0 = Debug|Any CPU
		{2F6558FF-F7BD-4627-996A-4A5F78A42166}.Debug|x64.ActiveCfg = Debug|Any CPU
		{2F6558FF-F7BD-4627-996A-4A5F78A42166}.Debug|x64.Build.0 = Debug|Any CPU
		{2F6558FF-F7BD-4627-996A-4A5F78A42166}.Debug|x86.ActiveCfg = Debug|Any CPU
		{2F6558FF-F7BD-4627-996A-4A5F78A42166}.Debug|x86.Build.0 = Debug|Any CPU
		{2F6558FF-F7BD-4627-996A-4A5F78A42166}.Release|Any CPU.ActiveCfg = Release|Any CPU
		{2F6558FF-F7BD-4627-996A-4A5F78A42166}.Release|Any CPU.Build.0 = Release|Any CPU
		{2F6558FF-F7BD-4627-996A-4A5F78A42166}.Release|x64.ActiveCfg = Release|Any CPU
		{2F6558FF-F7BD-4627-996A-4A5F78A42166}.Release|x64.Build.0 = Release|Any CPU
		{2F6558FF-F7BD-4627-996A-4A5F78A42166}.Release|x86.ActiveCfg = Release|Any CPU
		{2F6558FF-F7BD-4627-996A-4A5F78A42166}.Release|x86.Build.0 = Release|Any CPU
	EndGlobalSection
	GlobalSection(SolutionProperties) = preSolution
		HideSolutionNode = FALSE
	EndGlobalSection
	GlobalSection(ExtensibilityGlobals) = postSolution
		SolutionGuid = {FD757496-2FDB-4319-A426-5A5F2A9B251A}
	EndGlobalSection
	GlobalSection(MonoDevelopProperties) = preSolution
		Policies = $0
		$0.DotNetNamingPolicy = $1
		$1.DirectoryNamespaceAssociation = PrefixedHierarchical
		$0.TextStylePolicy = $5
		$2.inheritsSet = null
		$2.scope = text/x-csharp
		$0.CSharpFormattingPolicy = $3
		$3.scope = text/x-csharp
		$4.inheritsSet = null
		$4.scope = text/x-web
		$5.inheritsSet = null
		$5.scope = text/x-vs
		$0.StandardHeader = $6
	EndGlobalSection
EndGlobal
