
Microsoft Visual Studio Solution File, Format Version 12.00
# Visual Studio Version 16
VisualStudioVersion = 25.0.1705.3
MinimumVisualStudioVersion = 10.0.40219.1
Project("{FAE04EC0-301F-11D3-BF4B-00C04F79EFBC}") = "TimeTracker.API", "TimeTracker.API\TimeTracker.API.csproj", "{9212577C-5C81-4C03-9D1D-415EDA94B77A}"
EndProject
Global
	GlobalSection(SolutionConfigurationPlatforms) = preSolution
		Debug|Any CPU = Debug|Any CPU
		Release|Any CPU = Release|Any CPU
	EndGlobalSection
	GlobalSection(ProjectConfigurationPlatforms) = postSolution
		{9212577C-5C81-4C03-9D1D-415EDA94B77A}.Debug|Any CPU.ActiveCfg = Debug|Any CPU
		{9212577C-5C81-4C03-9D1D-415EDA94B77A}.Debug|Any CPU.Build.0 = Debug|Any CPU
		{9212577C-5C81-4C03-9D1D-415EDA94B77A}.Release|Any CPU.ActiveCfg = Release|Any CPU
		{9212577C-5C81-4C03-9D1D-415EDA94B77A}.Release|Any CPU.Build.0 = Release|Any CPU
	EndGlobalSection
	GlobalSection(SolutionProperties) = preSolution
		HideSolutionNode = FALSE
	EndGlobalSection
	GlobalSection(ExtensibilityGlobals) = postSolution
		SolutionGuid = {FD757496-2FDB-4319-A426-5A5F2A9B251A}
	EndGlobalSection
EndGlobal
