
Microsoft Visual Studio Solution File, Format Version 12.00
# Visual Studio Version 16
VisualStudioVersion = 25.0.1705.3
MinimumVisualStudioVersion = 10.0.40219.1
Project("{FAE04EC0-301F-11D3-BF4B-00C04F79EFBC}") = "TimeTracker.API", "TimeTracker.API\TimeTracker.API.csproj", "{9212577C-5C81-4C03-9D1D-415EDA94B77A}"
EndProject
Project("{FAE04EC0-301F-11D3-BF4B-00C04F79EFBC}") = "TimeTracker.Shared", "TimeTracker.Shared\TimeTracker.Shared.csproj", "{464AA5D0-A998-46E0-A57D-B68B701A2025}"
EndProject
Project("{FAE04EC0-301F-11D3-BF4B-00C04F79EFBC}") = "TimeTracker.Client", "TimeTracker.Client\TimeTracker.Client.csproj", "{5FC0B6F9-55D1-41C3-846E-AD9D06178FFC}"
EndProject
Global
	GlobalSection(SolutionConfigurationPlatforms) = preSolution
		Debug|Any CPU = Debug|Any CPU
		Release|Any CPU = Release|Any CPU
	EndGlobalSection
	GlobalSection(ProjectConfigurationPlatforms) = postSolution
		{9212577C-5C81-4C03-9D1D-415EDA94B77A}.Debug|Any CPU.ActiveCfg = Debug|Any CPU
		{9212577C-5C81-4C03-9D1D-415EDA94B77A}.Debug|Any CPU.Build.0 = Debug|Any CPU
		{9212577C-5C81-4C03-9D1D-415EDA94B77A}.Release|Any CPU.ActiveCfg = Release|Any CPU
		{9212577C-5C81-4C03-9D1D-415EDA94B77A}.Release|Any CPU.Build.0 = Release|Any CPU
		{464AA5D0-A998-46E0-A57D-B68B701A2025}.Debug|Any CPU.ActiveCfg = Debug|Any CPU
		{464AA5D0-A998-46E0-A57D-B68B701A2025}.Debug|Any CPU.Build.0 = Debug|Any CPU
		{464AA5D0-A998-46E0-A57D-B68B701A2025}.Release|Any CPU.ActiveCfg = Release|Any CPU
		{464AA5D0-A998-46E0-A57D-B68B701A2025}.Release|Any CPU.Build.0 = Release|Any CPU
		{5FC0B6F9-55D1-41C3-846E-AD9D06178FFC}.Debug|Any CPU.ActiveCfg = Debug|Any CPU
		{5FC0B6F9-55D1-41C3-846E-AD9D06178FFC}.Debug|Any CPU.Build.0 = Debug|Any CPU
		{5FC0B6F9-55D1-41C3-846E-AD9D06178FFC}.Release|Any CPU.ActiveCfg = Release|Any CPU
		{5FC0B6F9-55D1-41C3-846E-AD9D06178FFC}.Release|Any CPU.Build.0 = Release|Any CPU
	EndGlobalSection
	GlobalSection(SolutionProperties) = preSolution
		HideSolutionNode = FALSE
	EndGlobalSection
	GlobalSection(ExtensibilityGlobals) = postSolution
		SolutionGuid = {FD757496-2FDB-4319-A426-5A5F2A9B251A}
	EndGlobalSection
	GlobalSection(MonoDevelopProperties) = preSolution
		Policies = $0
		$0.DotNetNamingPolicy = $1
		$1.DirectoryNamespaceAssociation = PrefixedHierarchical
		$0.TextStylePolicy = $2
		$2.inheritsSet = null
		$2.scope = text/x-csharp
		$0.CSharpFormattingPolicy = $3
		$3.scope = text/x-csharp
		$0.TextStylePolicy = $4
		$4.inheritsSet = null
		$4.scope = text/x-web
		$0.TextStylePolicy = $5
		$5.inheritsSet = null
		$5.scope = text/x-vs
		$0.StandardHeader = $6
	EndGlobalSection
EndGlobal
